
Microsoft Visual Studio Solution File, Format Version 12.00
Project("{FAE04EC0-301F-11D3-BF4B-00C04F79EFBC}") = "SolarWatch", "SolarWatch\SolarWatch.csproj", "{7A1E829E-3873-4CB5-AA20-72567A4D5AB2}"
EndProject
Project("{FAE04EC0-301F-11D3-BF4B-00C04F79EFBC}") = "UnitTests", "UnitTests\UnitTests.csproj", "{AEC76A82-15CE-4FC2-AE75-FE03FEB98786}"
EndProject
Project("{2150E333-8FDC-42A3-9474-1A3956D46DE8}") = "Solution Items", "Solution Items", "{DCD8E925-56D0-4DB2-9872-462C666C6682}"
	ProjectSection(SolutionItems) = preProject
		docker-compose.yml = docker-compose.yml
	EndProjectSection
EndProject
Project("{FAE04EC0-301F-11D3-BF4B-00C04F79EFBC}") = "IntegrationTests", "IntegrationTests\IntegrationTests.csproj", "{D090E091-9E72-4D03-B819-878D156B75E1}"
EndProject
Global
	GlobalSection(SolutionConfigurationPlatforms) = preSolution
		Debug|Any CPU = Debug|Any CPU
		Release|Any CPU = Release|Any CPU
	EndGlobalSection
	GlobalSection(ProjectConfigurationPlatforms) = postSolution
		{7A1E829E-3873-4CB5-AA20-72567A4D5AB2}.Debug|Any CPU.ActiveCfg = Debug|Any CPU
		{7A1E829E-3873-4CB5-AA20-72567A4D5AB2}.Debug|Any CPU.Build.0 = Debug|Any CPU
		{7A1E829E-3873-4CB5-AA20-72567A4D5AB2}.Release|Any CPU.ActiveCfg = Release|Any CPU
		{7A1E829E-3873-4CB5-AA20-72567A4D5AB2}.Release|Any CPU.Build.0 = Release|Any CPU
		{AEC76A82-15CE-4FC2-AE75-FE03FEB98786}.Debug|Any CPU.ActiveCfg = Debug|Any CPU
		{AEC76A82-15CE-4FC2-AE75-FE03FEB98786}.Debug|Any CPU.Build.0 = Debug|Any CPU
		{AEC76A82-15CE-4FC2-AE75-FE03FEB98786}.Release|Any CPU.ActiveCfg = Release|Any CPU
		{AEC76A82-15CE-4FC2-AE75-FE03FEB98786}.Release|Any CPU.Build.0 = Release|Any CPU
		{D090E091-9E72-4D03-B819-878D156B75E1}.Debug|Any CPU.ActiveCfg = Debug|Any CPU
		{D090E091-9E72-4D03-B819-878D156B75E1}.Debug|Any CPU.Build.0 = Debug|Any CPU
		{D090E091-9E72-4D03-B819-878D156B75E1}.Release|Any CPU.ActiveCfg = Release|Any CPU
		{D090E091-9E72-4D03-B819-878D156B75E1}.Release|Any CPU.Build.0 = Release|Any CPU
	EndGlobalSection
EndGlobal
